// !$*UTF8*$!
{
	archiveVersion = 1;
	classes = {
	};
	objectVersion = 46;
	objects = {

/* Begin PBXBuildFile section */
		7219314214831BC0002BD313 /* weibo.json in Resources */ = {isa = PBXBuildFile; fileRef = 7219314114831BC0002BD313 /* weibo.json */; };
		7219314414831D97002BD313 /* sina_48x48.png in Resources */ = {isa = PBXBuildFile; fileRef = 7219314314831D97002BD313 /* sina_48x48.png */; };
		7219314814831F5B002BD313 /* BrowserViewController.m in Sources */ = {isa = PBXBuildFile; fileRef = 7219314614831F5B002BD313 /* BrowserViewController.m */; };
		7219314914831F5B002BD313 /* BrowserViewController.xib in Resources */ = {isa = PBXBuildFile; fileRef = 7219314714831F5B002BD313 /* BrowserViewController.xib */; };
		7219315914832F27002BD313 /* forum.json in Resources */ = {isa = PBXBuildFile; fileRef = 7219315614832F27002BD313 /* forum.json */; };
		7219315F148333B9002BD313 /* ScheduleCell.m in Sources */ = {isa = PBXBuildFile; fileRef = 7219315D148333B9002BD313 /* ScheduleCell.m */; };
		7219316414833A58002BD313 /* ScheduleCell.xib in Resources */ = {isa = PBXBuildFile; fileRef = 7219316314833A58002BD313 /* ScheduleCell.xib */; };
		7219316614835543002BD313 /* schedule.json in Resources */ = {isa = PBXBuildFile; fileRef = 7219316514835543002BD313 /* schedule.json */; };
		7219316814835A11002BD313 /* icon_users.png in Resources */ = {isa = PBXBuildFile; fileRef = 7219316714835A11002BD313 /* icon_users.png */; };
		7219316C14835A4A002BD313 /* LectorViewController.m in Sources */ = {isa = PBXBuildFile; fileRef = 7219316A14835A49002BD313 /* LectorViewController.m */; };
		7219316D14835A4A002BD313 /* LectorViewController.xib in Resources */ = {isa = PBXBuildFile; fileRef = 7219316B14835A49002BD313 /* LectorViewController.xib */; };
		7219317014835DFE002BD313 /* JsonDataSource.m in Sources */ = {isa = PBXBuildFile; fileRef = 7219316F14835DFE002BD313 /* JsonDataSource.m */; };
		7219323B1483747F002BD313 /* LectorDetailViewController.m in Sources */ = {isa = PBXBuildFile; fileRef = 721932391483747F002BD313 /* LectorDetailViewController.m */; };
		7219323C1483747F002BD313 /* LectorDetailViewController.xib in Resources */ = {isa = PBXBuildFile; fileRef = 7219323A1483747F002BD313 /* LectorDetailViewController.xib */; };
		7219323E148378EC002BD313 /* lecturer.json in Resources */ = {isa = PBXBuildFile; fileRef = 7219323D148378EC002BD313 /* lecturer.json */; };
		7219324714838025002BD313 /* GTMBase64.m in Sources */ = {isa = PBXBuildFile; fileRef = 7219324514838025002BD313 /* GTMBase64.m */; };
		7219330814871C8C002BD313 /* config.plist in Resources */ = {isa = PBXBuildFile; fileRef = 7219330714871C8C002BD313 /* config.plist */; };
		72288F30147E327A00108E60 /* HomeData.m in Sources */ = {isa = PBXBuildFile; fileRef = 72288F2F147E327A00108E60 /* HomeData.m */; };
		72288F4B147E40F100108E60 /* NSObject+SBJson.m in Sources */ = {isa = PBXBuildFile; fileRef = 72288F33147E40F100108E60 /* NSObject+SBJson.m */; };
		72288F4C147E40F100108E60 /* SBJsonParser.m in Sources */ = {isa = PBXBuildFile; fileRef = 72288F36147E40F100108E60 /* SBJsonParser.m */; };
		72288F4D147E40F100108E60 /* SBJsonStreamParser.m in Sources */ = {isa = PBXBuildFile; fileRef = 72288F38147E40F100108E60 /* SBJsonStreamParser.m */; };
		72288F4E147E40F100108E60 /* SBJsonStreamParserAccumulator.m in Sources */ = {isa = PBXBuildFile; fileRef = 72288F3A147E40F100108E60 /* SBJsonStreamParserAccumulator.m */; };
		72288F4F147E40F100108E60 /* SBJsonStreamParserAdapter.m in Sources */ = {isa = PBXBuildFile; fileRef = 72288F3C147E40F100108E60 /* SBJsonStreamParserAdapter.m */; };
		72288F50147E40F100108E60 /* SBJsonStreamParserState.m in Sources */ = {isa = PBXBuildFile; fileRef = 72288F3E147E40F100108E60 /* SBJsonStreamParserState.m */; };
		72288F51147E40F100108E60 /* SBJsonStreamWriter.m in Sources */ = {isa = PBXBuildFile; fileRef = 72288F40147E40F100108E60 /* SBJsonStreamWriter.m */; };
		72288F52147E40F100108E60 /* SBJsonStreamWriterAccumulator.m in Sources */ = {isa = PBXBuildFile; fileRef = 72288F42147E40F100108E60 /* SBJsonStreamWriterAccumulator.m */; };
		72288F53147E40F100108E60 /* SBJsonStreamWriterState.m in Sources */ = {isa = PBXBuildFile; fileRef = 72288F44147E40F100108E60 /* SBJsonStreamWriterState.m */; };
		72288F54147E40F100108E60 /* SBJsonTokeniser.m in Sources */ = {isa = PBXBuildFile; fileRef = 72288F46147E40F100108E60 /* SBJsonTokeniser.m */; };
		72288F55147E40F100108E60 /* SBJsonUTF8Stream.m in Sources */ = {isa = PBXBuildFile; fileRef = 72288F48147E40F100108E60 /* SBJsonUTF8Stream.m */; };
		72288F56147E40F100108E60 /* SBJsonWriter.m in Sources */ = {isa = PBXBuildFile; fileRef = 72288F4A147E40F100108E60 /* SBJsonWriter.m */; };
		72288F60147E89F500108E60 /* MapKit.framework in Frameworks */ = {isa = PBXBuildFile; fileRef = 72288F5F147E89F500108E60 /* MapKit.framework */; };
		72288F65147E8F2800108E60 /* MyAnnotation.m in Sources */ = {isa = PBXBuildFile; fileRef = 72288F64147E8F2800108E60 /* MyAnnotation.m */; };
		729FB033147DE88300A0ECC9 /* UIKit.framework in Frameworks */ = {isa = PBXBuildFile; fileRef = 729FB032147DE88300A0ECC9 /* UIKit.framework */; };
		729FB035147DE88300A0ECC9 /* Foundation.framework in Frameworks */ = {isa = PBXBuildFile; fileRef = 729FB034147DE88300A0ECC9 /* Foundation.framework */; };
		729FB037147DE88300A0ECC9 /* CoreGraphics.framework in Frameworks */ = {isa = PBXBuildFile; fileRef = 729FB036147DE88300A0ECC9 /* CoreGraphics.framework */; };
		729FB03D147DE88300A0ECC9 /* InfoPlist.strings in Resources */ = {isa = PBXBuildFile; fileRef = 729FB03B147DE88300A0ECC9 /* InfoPlist.strings */; };
		729FB03F147DE88300A0ECC9 /* main.m in Sources */ = {isa = PBXBuildFile; fileRef = 729FB03E147DE88300A0ECC9 /* main.m */; };
		729FB043147DE88300A0ECC9 /* AppDelegate.m in Sources */ = {isa = PBXBuildFile; fileRef = 729FB042147DE88300A0ECC9 /* AppDelegate.m */; };
		729FB065147DE92A00A0ECC9 /* home.json in Resources */ = {isa = PBXBuildFile; fileRef = 729FB064147DE92A00A0ECC9 /* home.json */; };
		729FB070147E0D2A00A0ECC9 /* Icon.png in Resources */ = {isa = PBXBuildFile; fileRef = 729FB06F147E0D2A00A0ECC9 /* Icon.png */; };
		729FB076147E0D4700A0ECC9 /* Icon@2x.png in Resources */ = {isa = PBXBuildFile; fileRef = 729FB075147E0D4700A0ECC9 /* Icon@2x.png */; };
		729FB07A147E26C700A0ECC9 /* HomeViewController.m in Sources */ = {isa = PBXBuildFile; fileRef = 729FB078147E26C700A0ECC9 /* HomeViewController.m */; };
		729FB07B147E26C700A0ECC9 /* HomeViewController.xib in Resources */ = {isa = PBXBuildFile; fileRef = 729FB079147E26C700A0ECC9 /* HomeViewController.xib */; };
		729FB084147E29D600A0ECC9 /* icon_calendar.png in Resources */ = {isa = PBXBuildFile; fileRef = 729FB07C147E29D600A0ECC9 /* icon_calendar.png */; };
		729FB085147E29D600A0ECC9 /* icon_home.png in Resources */ = {isa = PBXBuildFile; fileRef = 729FB07D147E29D600A0ECC9 /* icon_home.png */; };
		729FB086147E29D600A0ECC9 /* icon_information.png in Resources */ = {isa = PBXBuildFile; fileRef = 729FB07E147E29D600A0ECC9 /* icon_information.png */; };
		729FB087147E29D600A0ECC9 /* icon_mail.png in Resources */ = {isa = PBXBuildFile; fileRef = 729FB07F147E29D600A0ECC9 /* icon_mail.png */; };
		729FB088147E29D600A0ECC9 /* icon_bank.png in Resources */ = {isa = PBXBuildFile; fileRef = 729FB080147E29D600A0ECC9 /* icon_bank.png */; };
		729FB089147E29D600A0ECC9 /* icon_notepad.png in Resources */ = {isa = PBXBuildFile; fileRef = 729FB081147E29D600A0ECC9 /* icon_notepad.png */; };
		729FB08A147E29D600A0ECC9 /* icon_star.png in Resources */ = {isa = PBXBuildFile; fileRef = 729FB082147E29D600A0ECC9 /* icon_star.png */; };
		729FB08B147E29D600A0ECC9 /* icon_chat.png in Resources */ = {isa = PBXBuildFile; fileRef = 729FB083147E29D600A0ECC9 /* icon_chat.png */; };
		72A6FA52148DBB3100D03A36 /* CoreLocation.framework in Frameworks */ = {isa = PBXBuildFile; fileRef = 72A6FA51148DBB3000D03A36 /* CoreLocation.framework */; };
		72A6FA58148DC6F800D03A36 /* Location.gpx in Resources */ = {isa = PBXBuildFile; fileRef = 72A6FA57148DC6F800D03A36 /* Location.gpx */; };
		72B886E514811C1F00165490 /* PlaceViewController.m in Sources */ = {isa = PBXBuildFile; fileRef = 72B886E314811C1F00165490 /* PlaceViewController.m */; };
		72B886E614811C1F00165490 /* PlaceViewController.xib in Resources */ = {isa = PBXBuildFile; fileRef = 72B886E414811C1F00165490 /* PlaceViewController.xib */; };
		72B886EF1481B3CB00165490 /* WeiboViewController.m in Sources */ = {isa = PBXBuildFile; fileRef = 72B886ED1481B3CB00165490 /* WeiboViewController.m */; };
		72B886F01481B3CB00165490 /* WeiboViewController.xib in Resources */ = {isa = PBXBuildFile; fileRef = 72B886EE1481B3CB00165490 /* WeiboViewController.xib */; };
		72B886F51481BE1500165490 /* ScheduleViewController.m in Sources */ = {isa = PBXBuildFile; fileRef = 72B886F31481BE1400165490 /* ScheduleViewController.m */; };
		72B886F61481BE1500165490 /* ScheduleViewController.xib in Resources */ = {isa = PBXBuildFile; fileRef = 72B886F41481BE1400165490 /* ScheduleViewController.xib */; };
		72CDA3F31481C3FC00599789 /* MoreViewController.m in Sources */ = {isa = PBXBuildFile; fileRef = 72CDA3F11481C3FC00599789 /* MoreViewController.m */; };
		72CDA3F41481C3FC00599789 /* MoreViewController.xib in Resources */ = {isa = PBXBuildFile; fileRef = 72CDA3F21481C3FC00599789 /* MoreViewController.xib */; };
		72CDA3FE1482613600599789 /* eventspng.png in Resources */ = {isa = PBXBuildFile; fileRef = 72CDA3FD1482613600599789 /* eventspng.png */; };
		72D48011148C678A0018FCDC /* Reachability.m in Sources */ = {isa = PBXBuildFile; fileRef = 72D48010148C678A0018FCDC /* Reachability.m */; settings = {COMPILER_FLAGS = "-fno-objc-arc"; }; };
		72D48013148C723B0018FCDC /* SystemConfiguration.framework in Frameworks */ = {isa = PBXBuildFile; fileRef = 72D48012148C723A0018FCDC /* SystemConfiguration.framework */; };
		72E6C9A91487BF0400E916E5 /* Default.png in Resources */ = {isa = PBXBuildFile; fileRef = 72E6C9A81487BF0400E916E5 /* Default.png */; };
		72E6CA2014889C7D00E916E5 /* main.m in Sources */ = {isa = PBXBuildFile; fileRef = 729FB03E147DE88300A0ECC9 /* main.m */; };
		72E6CA2114889C7D00E916E5 /* AppDelegate.m in Sources */ = {isa = PBXBuildFile; fileRef = 729FB042147DE88300A0ECC9 /* AppDelegate.m */; };
		72E6CA2214889C7D00E916E5 /* HomeViewController.m in Sources */ = {isa = PBXBuildFile; fileRef = 729FB078147E26C700A0ECC9 /* HomeViewController.m */; };
		72E6CA2314889C7D00E916E5 /* HomeData.m in Sources */ = {isa = PBXBuildFile; fileRef = 72288F2F147E327A00108E60 /* HomeData.m */; };
		72E6CA2414889C7D00E916E5 /* NSObject+SBJson.m in Sources */ = {isa = PBXBuildFile; fileRef = 72288F33147E40F100108E60 /* NSObject+SBJson.m */; };
		72E6CA2514889C7D00E916E5 /* SBJsonParser.m in Sources */ = {isa = PBXBuildFile; fileRef = 72288F36147E40F100108E60 /* SBJsonParser.m */; };
		72E6CA2614889C7D00E916E5 /* SBJsonStreamParser.m in Sources */ = {isa = PBXBuildFile; fileRef = 72288F38147E40F100108E60 /* SBJsonStreamParser.m */; };
		72E6CA2714889C7D00E916E5 /* SBJsonStreamParserAccumulator.m in Sources */ = {isa = PBXBuildFile; fileRef = 72288F3A147E40F100108E60 /* SBJsonStreamParserAccumulator.m */; };
		72E6CA2814889C7D00E916E5 /* SBJsonStreamParserAdapter.m in Sources */ = {isa = PBXBuildFile; fileRef = 72288F3C147E40F100108E60 /* SBJsonStreamParserAdapter.m */; };
		72E6CA2914889C7D00E916E5 /* SBJsonStreamParserState.m in Sources */ = {isa = PBXBuildFile; fileRef = 72288F3E147E40F100108E60 /* SBJsonStreamParserState.m */; };
		72E6CA2A14889C7D00E916E5 /* SBJsonStreamWriter.m in Sources */ = {isa = PBXBuildFile; fileRef = 72288F40147E40F100108E60 /* SBJsonStreamWriter.m */; };
		72E6CA2B14889C7D00E916E5 /* SBJsonStreamWriterAccumulator.m in Sources */ = {isa = PBXBuildFile; fileRef = 72288F42147E40F100108E60 /* SBJsonStreamWriterAccumulator.m */; };
		72E6CA2C14889C7D00E916E5 /* SBJsonStreamWriterState.m in Sources */ = {isa = PBXBuildFile; fileRef = 72288F44147E40F100108E60 /* SBJsonStreamWriterState.m */; };
		72E6CA2D14889C7D00E916E5 /* SBJsonTokeniser.m in Sources */ = {isa = PBXBuildFile; fileRef = 72288F46147E40F100108E60 /* SBJsonTokeniser.m */; };
		72E6CA2E14889C7D00E916E5 /* SBJsonUTF8Stream.m in Sources */ = {isa = PBXBuildFile; fileRef = 72288F48147E40F100108E60 /* SBJsonUTF8Stream.m */; };
		72E6CA2F14889C7D00E916E5 /* SBJsonWriter.m in Sources */ = {isa = PBXBuildFile; fileRef = 72288F4A147E40F100108E60 /* SBJsonWriter.m */; };
		72E6CA3014889C7D00E916E5 /* MyAnnotation.m in Sources */ = {isa = PBXBuildFile; fileRef = 72288F64147E8F2800108E60 /* MyAnnotation.m */; };
		72E6CA3114889C7D00E916E5 /* PlaceViewController.m in Sources */ = {isa = PBXBuildFile; fileRef = 72B886E314811C1F00165490 /* PlaceViewController.m */; };
		72E6CA3214889C7D00E916E5 /* WeiboViewController.m in Sources */ = {isa = PBXBuildFile; fileRef = 72B886ED1481B3CB00165490 /* WeiboViewController.m */; };
		72E6CA3314889C7D00E916E5 /* ScheduleViewController.m in Sources */ = {isa = PBXBuildFile; fileRef = 72B886F31481BE1400165490 /* ScheduleViewController.m */; };
		72E6CA3414889C7D00E916E5 /* MoreViewController.m in Sources */ = {isa = PBXBuildFile; fileRef = 72CDA3F11481C3FC00599789 /* MoreViewController.m */; };
		72E6CA3514889C7D00E916E5 /* BrowserViewController.m in Sources */ = {isa = PBXBuildFile; fileRef = 7219314614831F5B002BD313 /* BrowserViewController.m */; };
		72E6CA3614889C7D00E916E5 /* ScheduleCell.m in Sources */ = {isa = PBXBuildFile; fileRef = 7219315D148333B9002BD313 /* ScheduleCell.m */; };
		72E6CA3714889C7D00E916E5 /* LectorViewController.m in Sources */ = {isa = PBXBuildFile; fileRef = 7219316A14835A49002BD313 /* LectorViewController.m */; };
		72E6CA3814889C7D00E916E5 /* JsonDataSource.m in Sources */ = {isa = PBXBuildFile; fileRef = 7219316F14835DFE002BD313 /* JsonDataSource.m */; };
		72E6CA3914889C7D00E916E5 /* LectorDetailViewController.m in Sources */ = {isa = PBXBuildFile; fileRef = 721932391483747F002BD313 /* LectorDetailViewController.m */; };
		72E6CA3A14889C7D00E916E5 /* GTMBase64.m in Sources */ = {isa = PBXBuildFile; fileRef = 7219324514838025002BD313 /* GTMBase64.m */; };
		72E6CA3C14889C7D00E916E5 /* MapKit.framework in Frameworks */ = {isa = PBXBuildFile; fileRef = 72288F5F147E89F500108E60 /* MapKit.framework */; };
		72E6CA3D14889C7D00E916E5 /* UIKit.framework in Frameworks */ = {isa = PBXBuildFile; fileRef = 729FB032147DE88300A0ECC9 /* UIKit.framework */; };
		72E6CA3E14889C7D00E916E5 /* Foundation.framework in Frameworks */ = {isa = PBXBuildFile; fileRef = 729FB034147DE88300A0ECC9 /* Foundation.framework */; };
		72E6CA3F14889C7D00E916E5 /* CoreGraphics.framework in Frameworks */ = {isa = PBXBuildFile; fileRef = 729FB036147DE88300A0ECC9 /* CoreGraphics.framework */; };
		72E6CA4114889C7D00E916E5 /* InfoPlist.strings in Resources */ = {isa = PBXBuildFile; fileRef = 729FB03B147DE88300A0ECC9 /* InfoPlist.strings */; };
		72E6CA4214889C7D00E916E5 /* home.json in Resources */ = {isa = PBXBuildFile; fileRef = 729FB064147DE92A00A0ECC9 /* home.json */; };
		72E6CA4314889C7D00E916E5 /* Icon.png in Resources */ = {isa = PBXBuildFile; fileRef = 729FB06F147E0D2A00A0ECC9 /* Icon.png */; };
		72E6CA4414889C7D00E916E5 /* Icon@2x.png in Resources */ = {isa = PBXBuildFile; fileRef = 729FB075147E0D4700A0ECC9 /* Icon@2x.png */; };
		72E6CA4514889C7D00E916E5 /* HomeViewController.xib in Resources */ = {isa = PBXBuildFile; fileRef = 729FB079147E26C700A0ECC9 /* HomeViewController.xib */; };
		72E6CA4614889C7D00E916E5 /* icon_calendar.png in Resources */ = {isa = PBXBuildFile; fileRef = 729FB07C147E29D600A0ECC9 /* icon_calendar.png */; };
		72E6CA4714889C7D00E916E5 /* icon_home.png in Resources */ = {isa = PBXBuildFile; fileRef = 729FB07D147E29D600A0ECC9 /* icon_home.png */; };
		72E6CA4814889C7D00E916E5 /* icon_information.png in Resources */ = {isa = PBXBuildFile; fileRef = 729FB07E147E29D600A0ECC9 /* icon_information.png */; };
		72E6CA4914889C7D00E916E5 /* icon_mail.png in Resources */ = {isa = PBXBuildFile; fileRef = 729FB07F147E29D600A0ECC9 /* icon_mail.png */; };
		72E6CA4A14889C7D00E916E5 /* icon_bank.png in Resources */ = {isa = PBXBuildFile; fileRef = 729FB080147E29D600A0ECC9 /* icon_bank.png */; };
		72E6CA4B14889C7D00E916E5 /* icon_notepad.png in Resources */ = {isa = PBXBuildFile; fileRef = 729FB081147E29D600A0ECC9 /* icon_notepad.png */; };
		72E6CA4C14889C7D00E916E5 /* icon_star.png in Resources */ = {isa = PBXBuildFile; fileRef = 729FB082147E29D600A0ECC9 /* icon_star.png */; };
		72E6CA4D14889C7D00E916E5 /* icon_chat.png in Resources */ = {isa = PBXBuildFile; fileRef = 729FB083147E29D600A0ECC9 /* icon_chat.png */; };
		72E6CA4E14889C7D00E916E5 /* PlaceViewController.xib in Resources */ = {isa = PBXBuildFile; fileRef = 72B886E414811C1F00165490 /* PlaceViewController.xib */; };
		72E6CA4F14889C7D00E916E5 /* WeiboViewController.xib in Resources */ = {isa = PBXBuildFile; fileRef = 72B886EE1481B3CB00165490 /* WeiboViewController.xib */; };
		72E6CA5014889C7D00E916E5 /* ScheduleViewController.xib in Resources */ = {isa = PBXBuildFile; fileRef = 72B886F41481BE1400165490 /* ScheduleViewController.xib */; };
		72E6CA5114889C7D00E916E5 /* MoreViewController.xib in Resources */ = {isa = PBXBuildFile; fileRef = 72CDA3F21481C3FC00599789 /* MoreViewController.xib */; };
		72E6CA5214889C7D00E916E5 /* eventspng.png in Resources */ = {isa = PBXBuildFile; fileRef = 72CDA3FD1482613600599789 /* eventspng.png */; };
		72E6CA5314889C7D00E916E5 /* weibo.json in Resources */ = {isa = PBXBuildFile; fileRef = 7219314114831BC0002BD313 /* weibo.json */; };
		72E6CA5414889C7D00E916E5 /* sina_48x48.png in Resources */ = {isa = PBXBuildFile; fileRef = 7219314314831D97002BD313 /* sina_48x48.png */; };
		72E6CA5514889C7D00E916E5 /* BrowserViewController.xib in Resources */ = {isa = PBXBuildFile; fileRef = 7219314714831F5B002BD313 /* BrowserViewController.xib */; };
		72E6CA5614889C7D00E916E5 /* forum.json in Resources */ = {isa = PBXBuildFile; fileRef = 7219315614832F27002BD313 /* forum.json */; };
		72E6CA5714889C7D00E916E5 /* ScheduleCell.xib in Resources */ = {isa = PBXBuildFile; fileRef = 7219316314833A58002BD313 /* ScheduleCell.xib */; };
		72E6CA5814889C7D00E916E5 /* schedule.json in Resources */ = {isa = PBXBuildFile; fileRef = 7219316514835543002BD313 /* schedule.json */; };
		72E6CA5914889C7D00E916E5 /* icon_users.png in Resources */ = {isa = PBXBuildFile; fileRef = 7219316714835A11002BD313 /* icon_users.png */; };
		72E6CA5A14889C7D00E916E5 /* LectorViewController.xib in Resources */ = {isa = PBXBuildFile; fileRef = 7219316B14835A49002BD313 /* LectorViewController.xib */; };
		72E6CA5B14889C7D00E916E5 /* LectorDetailViewController.xib in Resources */ = {isa = PBXBuildFile; fileRef = 7219323A1483747F002BD313 /* LectorDetailViewController.xib */; };
		72E6CA5C14889C7D00E916E5 /* lecturer.json in Resources */ = {isa = PBXBuildFile; fileRef = 7219323D148378EC002BD313 /* lecturer.json */; };
		72E6CA5D14889C7D00E916E5 /* config.plist in Resources */ = {isa = PBXBuildFile; fileRef = 7219330714871C8C002BD313 /* config.plist */; };
		72E6CA5E14889C7D00E916E5 /* Default.png in Resources */ = {isa = PBXBuildFile; fileRef = 72E6C9A81487BF0400E916E5 /* Default.png */; };
/* End PBXBuildFile section */

/* Begin PBXContainerItemProxy section */
		72D9E64E14872C5C008B0E9A /* PBXContainerItemProxy */ = {
			isa = PBXContainerItemProxy;
			containerPortal = 72193171148368D4002BD313 /* Three20.xcodeproj */;
			proxyType = 2;
			remoteGlobalIDString = BEF31F3A0F352DF5000DE5D2;
			remoteInfo = Three20;
		};
		72D9E65014872C5C008B0E9A /* PBXContainerItemProxy */ = {
			isa = PBXContainerItemProxy;
			containerPortal = 72193171148368D4002BD313 /* Three20.xcodeproj */;
			proxyType = 2;
			remoteGlobalIDString = EB9E6C6210B6A8F800DE563C;
			remoteInfo = Three20UnitTests;
		};
		72D9E65714872C5C008B0E9A /* PBXContainerItemProxy */ = {
			isa = PBXContainerItemProxy;
			containerPortal = 721931A114836A5B002BD313 /* Three20Core.xcodeproj */;
			proxyType = 2;
			remoteGlobalIDString = BEF31F3A0F352DF5000DE5D2;
			remoteInfo = Three20Core;
		};
		72D9E65914872C5C008B0E9A /* PBXContainerItemProxy */ = {
			isa = PBXContainerItemProxy;
			containerPortal = 721931A114836A5B002BD313 /* Three20Core.xcodeproj */;
			proxyType = 2;
			remoteGlobalIDString = EB9E6C6210B6A8F800DE563C;
			remoteInfo = Three20CoreUnitTests;
		};
		72D9E65F14872C5F008B0E9A /* PBXContainerItemProxy */ = {
			isa = PBXContainerItemProxy;
			containerPortal = 721931A314836A5B002BD313 /* Three20Style.xcodeproj */;
			proxyType = 2;
			remoteGlobalIDString = BEF31F3A0F352DF5000DE5D2;
			remoteInfo = Three20Style;
		};
		72D9E66114872C5F008B0E9A /* PBXContainerItemProxy */ = {
			isa = PBXContainerItemProxy;
			containerPortal = 721931A314836A5B002BD313 /* Three20Style.xcodeproj */;
			proxyType = 2;
			remoteGlobalIDString = EB9E6C6210B6A8F800DE563C;
			remoteInfo = Three20StyleUnitTests;
		};
		72D9E66714872C60008B0E9A /* PBXContainerItemProxy */ = {
			isa = PBXContainerItemProxy;
			containerPortal = 721931A214836A5B002BD313 /* Three20Network.xcodeproj */;
			proxyType = 2;
			remoteGlobalIDString = BEF31F3A0F352DF5000DE5D2;
			remoteInfo = Three20Network;
		};
		72D9E66914872C60008B0E9A /* PBXContainerItemProxy */ = {
			isa = PBXContainerItemProxy;
			containerPortal = 721931A214836A5B002BD313 /* Three20Network.xcodeproj */;
			proxyType = 2;
			remoteGlobalIDString = EB9E6C6210B6A8F800DE563C;
			remoteInfo = Three20NetworkUnitTests;
		};
/* End PBXContainerItemProxy section */

/* Begin PBXFileReference section */
		7219314114831BC0002BD313 /* weibo.json */ = {isa = PBXFileReference; fileEncoding = 4; lastKnownFileType = text.json; path = weibo.json; sourceTree = "<group>"; };
		7219314314831D97002BD313 /* sina_48x48.png */ = {isa = PBXFileReference; lastKnownFileType = image.png; path = sina_48x48.png; sourceTree = "<group>"; };
		7219314514831F5B002BD313 /* BrowserViewController.h */ = {isa = PBXFileReference; fileEncoding = 4; lastKnownFileType = sourcecode.c.h; path = BrowserViewController.h; sourceTree = "<group>"; };
		7219314614831F5B002BD313 /* BrowserViewController.m */ = {isa = PBXFileReference; fileEncoding = 4; lastKnownFileType = sourcecode.c.objc; path = BrowserViewController.m; sourceTree = "<group>"; };
		7219314714831F5B002BD313 /* BrowserViewController.xib */ = {isa = PBXFileReference; fileEncoding = 4; lastKnownFileType = file.xib; path = BrowserViewController.xib; sourceTree = "<group>"; };
		7219315614832F27002BD313 /* forum.json */ = {isa = PBXFileReference; fileEncoding = 4; lastKnownFileType = text.json; path = forum.json; sourceTree = "<group>"; };
		7219315C148333B9002BD313 /* ScheduleCell.h */ = {isa = PBXFileReference; fileEncoding = 4; lastKnownFileType = sourcecode.c.h; path = ScheduleCell.h; sourceTree = "<group>"; };
		7219315D148333B9002BD313 /* ScheduleCell.m */ = {isa = PBXFileReference; fileEncoding = 4; lastKnownFileType = sourcecode.c.objc; path = ScheduleCell.m; sourceTree = "<group>"; };
		7219316314833A58002BD313 /* ScheduleCell.xib */ = {isa = PBXFileReference; fileEncoding = 4; lastKnownFileType = file.xib; path = ScheduleCell.xib; sourceTree = "<group>"; };
		7219316514835543002BD313 /* schedule.json */ = {isa = PBXFileReference; fileEncoding = 4; lastKnownFileType = text.json; path = schedule.json; sourceTree = "<group>"; };
		7219316714835A11002BD313 /* icon_users.png */ = {isa = PBXFileReference; lastKnownFileType = image.png; path = icon_users.png; sourceTree = "<group>"; };
		7219316914835A49002BD313 /* LectorViewController.h */ = {isa = PBXFileReference; fileEncoding = 4; lastKnownFileType = sourcecode.c.h; path = LectorViewController.h; sourceTree = "<group>"; };
		7219316A14835A49002BD313 /* LectorViewController.m */ = {isa = PBXFileReference; fileEncoding = 4; lastKnownFileType = sourcecode.c.objc; path = LectorViewController.m; sourceTree = "<group>"; };
		7219316B14835A49002BD313 /* LectorViewController.xib */ = {isa = PBXFileReference; fileEncoding = 4; lastKnownFileType = file.xib; path = LectorViewController.xib; sourceTree = "<group>"; };
		7219316E14835DFD002BD313 /* JsonDataSource.h */ = {isa = PBXFileReference; fileEncoding = 4; lastKnownFileType = sourcecode.c.h; path = JsonDataSource.h; sourceTree = "<group>"; };
		7219316F14835DFE002BD313 /* JsonDataSource.m */ = {isa = PBXFileReference; fileEncoding = 4; lastKnownFileType = sourcecode.c.objc; path = JsonDataSource.m; sourceTree = "<group>"; };
		72193171148368D4002BD313 /* Three20.xcodeproj */ = {isa = PBXFileReference; lastKnownFileType = "wrapper.pb-project"; name = Three20.xcodeproj; path = /Users/haoyu/github/three20/src/Three20/Three20.xcodeproj; sourceTree = "<absolute>"; };
		721931A114836A5B002BD313 /* Three20Core.xcodeproj */ = {isa = PBXFileReference; lastKnownFileType = "wrapper.pb-project"; name = Three20Core.xcodeproj; path = /Users/haoyu/github/three20/src/Three20Core/Three20Core.xcodeproj; sourceTree = "<absolute>"; };
		721931A214836A5B002BD313 /* Three20Network.xcodeproj */ = {isa = PBXFileReference; lastKnownFileType = "wrapper.pb-project"; name = Three20Network.xcodeproj; path = /Users/haoyu/github/three20/src/Three20Network/Three20Network.xcodeproj; sourceTree = "<absolute>"; };
		721931A314836A5B002BD313 /* Three20Style.xcodeproj */ = {isa = PBXFileReference; lastKnownFileType = "wrapper.pb-project"; name = Three20Style.xcodeproj; path = /Users/haoyu/github/three20/src/Three20Style/Three20Style.xcodeproj; sourceTree = "<absolute>"; };
		721931EE14836C3C002BD313 /* Three20.bundle */ = {isa = PBXFileReference; lastKnownFileType = "wrapper.plug-in"; name = Three20.bundle; path = /Users/haoyu/github/three20/src/Three20.bundle; sourceTree = "<absolute>"; };
		721932381483747F002BD313 /* LectorDetailViewController.h */ = {isa = PBXFileReference; fileEncoding = 4; lastKnownFileType = sourcecode.c.h; path = LectorDetailViewController.h; sourceTree = "<group>"; };
		721932391483747F002BD313 /* LectorDetailViewController.m */ = {isa = PBXFileReference; fileEncoding = 4; lastKnownFileType = sourcecode.c.objc; path = LectorDetailViewController.m; sourceTree = "<group>"; };
		7219323A1483747F002BD313 /* LectorDetailViewController.xib */ = {isa = PBXFileReference; fileEncoding = 4; lastKnownFileType = file.xib; path = LectorDetailViewController.xib; sourceTree = "<group>"; };
		7219323D148378EC002BD313 /* lecturer.json */ = {isa = PBXFileReference; fileEncoding = 4; lastKnownFileType = text.json; path = lecturer.json; sourceTree = "<group>"; };
		7219324414838025002BD313 /* GTMBase64.h */ = {isa = PBXFileReference; fileEncoding = 4; lastKnownFileType = sourcecode.c.h; path = GTMBase64.h; sourceTree = "<group>"; };
		7219324514838025002BD313 /* GTMBase64.m */ = {isa = PBXFileReference; fileEncoding = 4; lastKnownFileType = sourcecode.c.objc; path = GTMBase64.m; sourceTree = "<group>"; };
		7219324614838025002BD313 /* GTMDefines.h */ = {isa = PBXFileReference; fileEncoding = 4; lastKnownFileType = sourcecode.c.h; path = GTMDefines.h; sourceTree = "<group>"; };
		7219330714871C8C002BD313 /* config.plist */ = {isa = PBXFileReference; fileEncoding = 4; lastKnownFileType = text.plist.xml; path = config.plist; sourceTree = "<group>"; };
		72288F2E147E327A00108E60 /* HomeData.h */ = {isa = PBXFileReference; fileEncoding = 4; lastKnownFileType = sourcecode.c.h; path = HomeData.h; sourceTree = "<group>"; };
		72288F2F147E327A00108E60 /* HomeData.m */ = {isa = PBXFileReference; fileEncoding = 4; lastKnownFileType = sourcecode.c.objc; path = HomeData.m; sourceTree = "<group>"; };
		72288F32147E40F100108E60 /* NSObject+SBJson.h */ = {isa = PBXFileReference; fileEncoding = 4; lastKnownFileType = sourcecode.c.h; path = "NSObject+SBJson.h"; sourceTree = "<group>"; };
		72288F33147E40F100108E60 /* NSObject+SBJson.m */ = {isa = PBXFileReference; fileEncoding = 4; lastKnownFileType = sourcecode.c.objc; path = "NSObject+SBJson.m"; sourceTree = "<group>"; };
		72288F34147E40F100108E60 /* SBJson.h */ = {isa = PBXFileReference; fileEncoding = 4; lastKnownFileType = sourcecode.c.h; path = SBJson.h; sourceTree = "<group>"; };
		72288F35147E40F100108E60 /* SBJsonParser.h */ = {isa = PBXFileReference; fileEncoding = 4; lastKnownFileType = sourcecode.c.h; path = SBJsonParser.h; sourceTree = "<group>"; };
		72288F36147E40F100108E60 /* SBJsonParser.m */ = {isa = PBXFileReference; fileEncoding = 4; lastKnownFileType = sourcecode.c.objc; path = SBJsonParser.m; sourceTree = "<group>"; };
		72288F37147E40F100108E60 /* SBJsonStreamParser.h */ = {isa = PBXFileReference; fileEncoding = 4; lastKnownFileType = sourcecode.c.h; path = SBJsonStreamParser.h; sourceTree = "<group>"; };
		72288F38147E40F100108E60 /* SBJsonStreamParser.m */ = {isa = PBXFileReference; fileEncoding = 4; lastKnownFileType = sourcecode.c.objc; path = SBJsonStreamParser.m; sourceTree = "<group>"; };
		72288F39147E40F100108E60 /* SBJsonStreamParserAccumulator.h */ = {isa = PBXFileReference; fileEncoding = 4; lastKnownFileType = sourcecode.c.h; path = SBJsonStreamParserAccumulator.h; sourceTree = "<group>"; };
		72288F3A147E40F100108E60 /* SBJsonStreamParserAccumulator.m */ = {isa = PBXFileReference; fileEncoding = 4; lastKnownFileType = sourcecode.c.objc; path = SBJsonStreamParserAccumulator.m; sourceTree = "<group>"; };
		72288F3B147E40F100108E60 /* SBJsonStreamParserAdapter.h */ = {isa = PBXFileReference; fileEncoding = 4; lastKnownFileType = sourcecode.c.h; path = SBJsonStreamParserAdapter.h; sourceTree = "<group>"; };
		72288F3C147E40F100108E60 /* SBJsonStreamParserAdapter.m */ = {isa = PBXFileReference; fileEncoding = 4; lastKnownFileType = sourcecode.c.objc; path = SBJsonStreamParserAdapter.m; sourceTree = "<group>"; };
		72288F3D147E40F100108E60 /* SBJsonStreamParserState.h */ = {isa = PBXFileReference; fileEncoding = 4; lastKnownFileType = sourcecode.c.h; path = SBJsonStreamParserState.h; sourceTree = "<group>"; };
		72288F3E147E40F100108E60 /* SBJsonStreamParserState.m */ = {isa = PBXFileReference; fileEncoding = 4; lastKnownFileType = sourcecode.c.objc; path = SBJsonStreamParserState.m; sourceTree = "<group>"; };
		72288F3F147E40F100108E60 /* SBJsonStreamWriter.h */ = {isa = PBXFileReference; fileEncoding = 4; lastKnownFileType = sourcecode.c.h; path = SBJsonStreamWriter.h; sourceTree = "<group>"; };
		72288F40147E40F100108E60 /* SBJsonStreamWriter.m */ = {isa = PBXFileReference; fileEncoding = 4; lastKnownFileType = sourcecode.c.objc; path = SBJsonStreamWriter.m; sourceTree = "<group>"; };
		72288F41147E40F100108E60 /* SBJsonStreamWriterAccumulator.h */ = {isa = PBXFileReference; fileEncoding = 4; lastKnownFileType = sourcecode.c.h; path = SBJsonStreamWriterAccumulator.h; sourceTree = "<group>"; };
		72288F42147E40F100108E60 /* SBJsonStreamWriterAccumulator.m */ = {isa = PBXFileReference; fileEncoding = 4; lastKnownFileType = sourcecode.c.objc; path = SBJsonStreamWriterAccumulator.m; sourceTree = "<group>"; };
		72288F43147E40F100108E60 /* SBJsonStreamWriterState.h */ = {isa = PBXFileReference; fileEncoding = 4; lastKnownFileType = sourcecode.c.h; path = SBJsonStreamWriterState.h; sourceTree = "<group>"; };
		72288F44147E40F100108E60 /* SBJsonStreamWriterState.m */ = {isa = PBXFileReference; fileEncoding = 4; lastKnownFileType = sourcecode.c.objc; path = SBJsonStreamWriterState.m; sourceTree = "<group>"; };
		72288F45147E40F100108E60 /* SBJsonTokeniser.h */ = {isa = PBXFileReference; fileEncoding = 4; lastKnownFileType = sourcecode.c.h; path = SBJsonTokeniser.h; sourceTree = "<group>"; };
		72288F46147E40F100108E60 /* SBJsonTokeniser.m */ = {isa = PBXFileReference; fileEncoding = 4; lastKnownFileType = sourcecode.c.objc; path = SBJsonTokeniser.m; sourceTree = "<group>"; };
		72288F47147E40F100108E60 /* SBJsonUTF8Stream.h */ = {isa = PBXFileReference; fileEncoding = 4; lastKnownFileType = sourcecode.c.h; path = SBJsonUTF8Stream.h; sourceTree = "<group>"; };
		72288F48147E40F100108E60 /* SBJsonUTF8Stream.m */ = {isa = PBXFileReference; fileEncoding = 4; lastKnownFileType = sourcecode.c.objc; path = SBJsonUTF8Stream.m; sourceTree = "<group>"; };
		72288F49147E40F100108E60 /* SBJsonWriter.h */ = {isa = PBXFileReference; fileEncoding = 4; lastKnownFileType = sourcecode.c.h; path = SBJsonWriter.h; sourceTree = "<group>"; };
		72288F4A147E40F100108E60 /* SBJsonWriter.m */ = {isa = PBXFileReference; fileEncoding = 4; lastKnownFileType = sourcecode.c.objc; path = SBJsonWriter.m; sourceTree = "<group>"; };
		72288F5F147E89F500108E60 /* MapKit.framework */ = {isa = PBXFileReference; lastKnownFileType = wrapper.framework; name = MapKit.framework; path = System/Library/Frameworks/MapKit.framework; sourceTree = SDKROOT; };
		72288F61147E8A0F00108E60 /* MapKit.framework */ = {isa = PBXFileReference; lastKnownFileType = wrapper.framework; name = MapKit.framework; path = System/Library/Frameworks/MapKit.framework; sourceTree = SDKROOT; };
		72288F63147E8F2800108E60 /* MyAnnotation.h */ = {isa = PBXFileReference; fileEncoding = 4; lastKnownFileType = sourcecode.c.h; path = MyAnnotation.h; sourceTree = "<group>"; };
		72288F64147E8F2800108E60 /* MyAnnotation.m */ = {isa = PBXFileReference; fileEncoding = 4; lastKnownFileType = sourcecode.c.objc; path = MyAnnotation.m; sourceTree = "<group>"; };
		729FB02E147DE88300A0ECC9 /* sd2china2011.app */ = {isa = PBXFileReference; explicitFileType = wrapper.application; includeInIndex = 0; path = sd2china2011.app; sourceTree = BUILT_PRODUCTS_DIR; };
		729FB032147DE88300A0ECC9 /* UIKit.framework */ = {isa = PBXFileReference; lastKnownFileType = wrapper.framework; name = UIKit.framework; path = System/Library/Frameworks/UIKit.framework; sourceTree = SDKROOT; };
		729FB034147DE88300A0ECC9 /* Foundation.framework */ = {isa = PBXFileReference; lastKnownFileType = wrapper.framework; name = Foundation.framework; path = System/Library/Frameworks/Foundation.framework; sourceTree = SDKROOT; };
		729FB036147DE88300A0ECC9 /* CoreGraphics.framework */ = {isa = PBXFileReference; lastKnownFileType = wrapper.framework; name = CoreGraphics.framework; path = System/Library/Frameworks/CoreGraphics.framework; sourceTree = SDKROOT; };
		729FB03A147DE88300A0ECC9 /* sd2china2011-Info.plist */ = {isa = PBXFileReference; lastKnownFileType = text.plist.xml; path = "sd2china2011-Info.plist"; sourceTree = "<group>"; };
		729FB03C147DE88300A0ECC9 /* en */ = {isa = PBXFileReference; lastKnownFileType = text.plist.strings; name = en; path = en.lproj/InfoPlist.strings; sourceTree = "<group>"; };
		729FB03E147DE88300A0ECC9 /* main.m */ = {isa = PBXFileReference; lastKnownFileType = sourcecode.c.objc; path = main.m; sourceTree = "<group>"; };
		729FB040147DE88300A0ECC9 /* sd2china2011-Prefix.pch */ = {isa = PBXFileReference; lastKnownFileType = sourcecode.c.h; path = "sd2china2011-Prefix.pch"; sourceTree = "<group>"; };
		729FB041147DE88300A0ECC9 /* AppDelegate.h */ = {isa = PBXFileReference; lastKnownFileType = sourcecode.c.h; path = AppDelegate.h; sourceTree = "<group>"; };
		729FB042147DE88300A0ECC9 /* AppDelegate.m */ = {isa = PBXFileReference; lastKnownFileType = sourcecode.c.objc; path = AppDelegate.m; sourceTree = "<group>"; };
		729FB064147DE92A00A0ECC9 /* home.json */ = {isa = PBXFileReference; fileEncoding = 4; lastKnownFileType = text.json; path = home.json; sourceTree = "<group>"; };
		729FB06F147E0D2A00A0ECC9 /* Icon.png */ = {isa = PBXFileReference; lastKnownFileType = image.png; name = Icon.png; path = ../Icon.png; sourceTree = "<group>"; };
		729FB071147E0D3600A0ECC9 /* home.png */ = {isa = PBXFileReference; lastKnownFileType = image.png; name = home.png; path = ../home.png; sourceTree = "<group>"; };
		729FB073147E0D4400A0ECC9 /* home@2x.png */ = {isa = PBXFileReference; lastKnownFileType = image.png; name = "home@2x.png"; path = "../home@2x.png"; sourceTree = "<group>"; };
		729FB075147E0D4700A0ECC9 /* Icon@2x.png */ = {isa = PBXFileReference; lastKnownFileType = image.png; name = "Icon@2x.png"; path = "../Icon@2x.png"; sourceTree = "<group>"; };
		729FB077147E26C700A0ECC9 /* HomeViewController.h */ = {isa = PBXFileReference; fileEncoding = 4; lastKnownFileType = sourcecode.c.h; path = HomeViewController.h; sourceTree = "<group>"; };
		729FB078147E26C700A0ECC9 /* HomeViewController.m */ = {isa = PBXFileReference; fileEncoding = 4; lastKnownFileType = sourcecode.c.objc; path = HomeViewController.m; sourceTree = "<group>"; };
		729FB079147E26C700A0ECC9 /* HomeViewController.xib */ = {isa = PBXFileReference; fileEncoding = 4; lastKnownFileType = file.xib; path = HomeViewController.xib; sourceTree = "<group>"; };
		729FB07C147E29D600A0ECC9 /* icon_calendar.png */ = {isa = PBXFileReference; lastKnownFileType = image.png; path = icon_calendar.png; sourceTree = "<group>"; };
		729FB07D147E29D600A0ECC9 /* icon_home.png */ = {isa = PBXFileReference; lastKnownFileType = image.png; path = icon_home.png; sourceTree = "<group>"; };
		729FB07E147E29D600A0ECC9 /* icon_information.png */ = {isa = PBXFileReference; lastKnownFileType = image.png; path = icon_information.png; sourceTree = "<group>"; };
		729FB07F147E29D600A0ECC9 /* icon_mail.png */ = {isa = PBXFileReference; lastKnownFileType = image.png; path = icon_mail.png; sourceTree = "<group>"; };
		729FB080147E29D600A0ECC9 /* icon_bank.png */ = {isa = PBXFileReference; lastKnownFileType = image.png; path = icon_bank.png; sourceTree = "<group>"; };
		729FB081147E29D600A0ECC9 /* icon_notepad.png */ = {isa = PBXFileReference; lastKnownFileType = image.png; path = icon_notepad.png; sourceTree = "<group>"; };
		729FB082147E29D600A0ECC9 /* icon_star.png */ = {isa = PBXFileReference; lastKnownFileType = image.png; path = icon_star.png; sourceTree = "<group>"; };
		729FB083147E29D600A0ECC9 /* icon_chat.png */ = {isa = PBXFileReference; lastKnownFileType = image.png; path = icon_chat.png; sourceTree = "<group>"; };
		72A6FA51148DBB3000D03A36 /* CoreLocation.framework */ = {isa = PBXFileReference; lastKnownFileType = wrapper.framework; name = CoreLocation.framework; path = System/Library/Frameworks/CoreLocation.framework; sourceTree = SDKROOT; };
		72A6FA57148DC6F800D03A36 /* Location.gpx */ = {isa = PBXFileReference; fileEncoding = 4; lastKnownFileType = text.xml; path = Location.gpx; sourceTree = "<group>"; };
		72B886E214811C1F00165490 /* PlaceViewController.h */ = {isa = PBXFileReference; fileEncoding = 4; lastKnownFileType = sourcecode.c.h; path = PlaceViewController.h; sourceTree = "<group>"; };
		72B886E314811C1F00165490 /* PlaceViewController.m */ = {isa = PBXFileReference; fileEncoding = 4; lastKnownFileType = sourcecode.c.objc; path = PlaceViewController.m; sourceTree = "<group>"; };
		72B886E414811C1F00165490 /* PlaceViewController.xib */ = {isa = PBXFileReference; fileEncoding = 4; lastKnownFileType = file.xib; path = PlaceViewController.xib; sourceTree = "<group>"; };
		72B886EC1481B3CB00165490 /* WeiboViewController.h */ = {isa = PBXFileReference; fileEncoding = 4; lastKnownFileType = sourcecode.c.h; path = WeiboViewController.h; sourceTree = "<group>"; };
		72B886ED1481B3CB00165490 /* WeiboViewController.m */ = {isa = PBXFileReference; fileEncoding = 4; lastKnownFileType = sourcecode.c.objc; path = WeiboViewController.m; sourceTree = "<group>"; };
		72B886EE1481B3CB00165490 /* WeiboViewController.xib */ = {isa = PBXFileReference; fileEncoding = 4; lastKnownFileType = file.xib; path = WeiboViewController.xib; sourceTree = "<group>"; };
		72B886F21481BE1400165490 /* ScheduleViewController.h */ = {isa = PBXFileReference; fileEncoding = 4; lastKnownFileType = sourcecode.c.h; path = ScheduleViewController.h; sourceTree = "<group>"; };
		72B886F31481BE1400165490 /* ScheduleViewController.m */ = {isa = PBXFileReference; fileEncoding = 4; lastKnownFileType = sourcecode.c.objc; path = ScheduleViewController.m; sourceTree = "<group>"; };
		72B886F41481BE1400165490 /* ScheduleViewController.xib */ = {isa = PBXFileReference; fileEncoding = 4; lastKnownFileType = file.xib; path = ScheduleViewController.xib; sourceTree = "<group>"; };
		72CDA3F01481C3FC00599789 /* MoreViewController.h */ = {isa = PBXFileReference; fileEncoding = 4; lastKnownFileType = sourcecode.c.h; path = MoreViewController.h; sourceTree = "<group>"; };
		72CDA3F11481C3FC00599789 /* MoreViewController.m */ = {isa = PBXFileReference; fileEncoding = 4; lastKnownFileType = sourcecode.c.objc; path = MoreViewController.m; sourceTree = "<group>"; };
		72CDA3F21481C3FC00599789 /* MoreViewController.xib */ = {isa = PBXFileReference; fileEncoding = 4; lastKnownFileType = file.xib; path = MoreViewController.xib; sourceTree = "<group>"; };
		72CDA3FD1482613600599789 /* eventspng.png */ = {isa = PBXFileReference; lastKnownFileType = image.png; path = eventspng.png; sourceTree = "<group>"; };
		72D4800F148C678A0018FCDC /* Reachability.h */ = {isa = PBXFileReference; fileEncoding = 4; lastKnownFileType = sourcecode.c.h; name = Reachability.h; path = ../../../../Downloads/Reachability/Classes/Reachability.h; sourceTree = "<group>"; };
		72D48010148C678A0018FCDC /* Reachability.m */ = {isa = PBXFileReference; fileEncoding = 4; lastKnownFileType = sourcecode.c.objc; name = Reachability.m; path = ../../../../Downloads/Reachability/Classes/Reachability.m; sourceTree = "<group>"; };
		72D48012148C723A0018FCDC /* SystemConfiguration.framework */ = {isa = PBXFileReference; lastKnownFileType = wrapper.framework; name = SystemConfiguration.framework; path = System/Library/Frameworks/SystemConfiguration.framework; sourceTree = SDKROOT; };
		72E6C9A81487BF0400E916E5 /* Default.png */ = {isa = PBXFileReference; lastKnownFileType = image.png; name = Default.png; path = ../Default.png; sourceTree = "<group>"; };
		72E6CA1D14889C3E00E916E5 /* sd2china2011 copy-Info.plist */ = {isa = PBXFileReference; lastKnownFileType = text.plist.xml; name = "sd2china2011 copy-Info.plist"; path = "/Users/haoyu/Developer/csdn/sd2china2011/sd2china2011 copy-Info.plist"; sourceTree = "<absolute>"; };
		72E6CA6314889C7D00E916E5 /* sd2china2011 copy.app */ = {isa = PBXFileReference; explicitFileType = wrapper.application; includeInIndex = 0; path = "sd2china2011 copy.app"; sourceTree = BUILT_PRODUCTS_DIR; };
		72E6CA6514889C7E00E916E5 /* sd2china2011 copy2-Info.plist */ = {isa = PBXFileReference; lastKnownFileType = text.plist.xml; name = "sd2china2011 copy2-Info.plist"; path = "/Users/haoyu/Developer/csdn/sd2china2011/sd2china2011 copy2-Info.plist"; sourceTree = "<absolute>"; };
/* End PBXFileReference section */

/* Begin PBXFrameworksBuildPhase section */
		729FB02B147DE88300A0ECC9 /* Frameworks */ = {
			isa = PBXFrameworksBuildPhase;
			buildActionMask = 2147483647;
			files = (
				72A6FA52148DBB3100D03A36 /* CoreLocation.framework in Frameworks */,
				72D48013148C723B0018FCDC /* SystemConfiguration.framework in Frameworks */,
				72288F60147E89F500108E60 /* MapKit.framework in Frameworks */,
				729FB033147DE88300A0ECC9 /* UIKit.framework in Frameworks */,
				729FB035147DE88300A0ECC9 /* Foundation.framework in Frameworks */,
				729FB037147DE88300A0ECC9 /* CoreGraphics.framework in Frameworks */,
			);
			runOnlyForDeploymentPostprocessing = 0;
		};
		72E6CA3B14889C7D00E916E5 /* Frameworks */ = {
			isa = PBXFrameworksBuildPhase;
			buildActionMask = 2147483647;
			files = (
				72E6CA3C14889C7D00E916E5 /* MapKit.framework in Frameworks */,
				72E6CA3D14889C7D00E916E5 /* UIKit.framework in Frameworks */,
				72E6CA3E14889C7D00E916E5 /* Foundation.framework in Frameworks */,
				72E6CA3F14889C7D00E916E5 /* CoreGraphics.framework in Frameworks */,
			);
			runOnlyForDeploymentPostprocessing = 0;
		};
/* End PBXFrameworksBuildPhase section */

/* Begin PBXGroup section */
		7219324314837EA9002BD313 /* GTMBase64 */ = {
			isa = PBXGroup;
			children = (
				7219324414838025002BD313 /* GTMBase64.h */,
				7219324514838025002BD313 /* GTMBase64.m */,
				7219324614838025002BD313 /* GTMDefines.h */,
			);
			name = GTMBase64;
			sourceTree = "<group>";
		};
		72288F06147E31FE00108E60 /* SBJson */ = {
			isa = PBXGroup;
			children = (
				72288F32147E40F100108E60 /* NSObject+SBJson.h */,
				72288F33147E40F100108E60 /* NSObject+SBJson.m */,
				72288F34147E40F100108E60 /* SBJson.h */,
				72288F35147E40F100108E60 /* SBJsonParser.h */,
				72288F36147E40F100108E60 /* SBJsonParser.m */,
				72288F37147E40F100108E60 /* SBJsonStreamParser.h */,
				72288F38147E40F100108E60 /* SBJsonStreamParser.m */,
				72288F39147E40F100108E60 /* SBJsonStreamParserAccumulator.h */,
				72288F3A147E40F100108E60 /* SBJsonStreamParserAccumulator.m */,
				72288F3B147E40F100108E60 /* SBJsonStreamParserAdapter.h */,
				72288F3C147E40F100108E60 /* SBJsonStreamParserAdapter.m */,
				72288F3D147E40F100108E60 /* SBJsonStreamParserState.h */,
				72288F3E147E40F100108E60 /* SBJsonStreamParserState.m */,
				72288F3F147E40F100108E60 /* SBJsonStreamWriter.h */,
				72288F40147E40F100108E60 /* SBJsonStreamWriter.m */,
				72288F41147E40F100108E60 /* SBJsonStreamWriterAccumulator.h */,
				72288F42147E40F100108E60 /* SBJsonStreamWriterAccumulator.m */,
				72288F43147E40F100108E60 /* SBJsonStreamWriterState.h */,
				72288F44147E40F100108E60 /* SBJsonStreamWriterState.m */,
				72288F45147E40F100108E60 /* SBJsonTokeniser.h */,
				72288F46147E40F100108E60 /* SBJsonTokeniser.m */,
				72288F47147E40F100108E60 /* SBJsonUTF8Stream.h */,
				72288F48147E40F100108E60 /* SBJsonUTF8Stream.m */,
				72288F49147E40F100108E60 /* SBJsonWriter.h */,
				72288F4A147E40F100108E60 /* SBJsonWriter.m */,
			);
			name = SBJson;
			sourceTree = "<group>";
		};
		72288F31147E335700108E60 /* Model */ = {
			isa = PBXGroup;
			children = (
				72288F2E147E327A00108E60 /* HomeData.h */,
				72288F2F147E327A00108E60 /* HomeData.m */,
			);
			name = Model;
			sourceTree = "<group>";
		};
		729FB023147DE88300A0ECC9 = {
			isa = PBXGroup;
			children = (
				72A6FA57148DC6F800D03A36 /* Location.gpx */,
				72A6FA51148DBB3000D03A36 /* CoreLocation.framework */,
				72D48012148C723A0018FCDC /* SystemConfiguration.framework */,
				72288F5F147E89F500108E60 /* MapKit.framework */,
				729FB038147DE88300A0ECC9 /* sd2china2011 */,
				729FB031147DE88300A0ECC9 /* Frameworks */,
				729FB02F147DE88300A0ECC9 /* Products */,
				72E6CA1D14889C3E00E916E5 /* sd2china2011 copy-Info.plist */,
				72E6CA6514889C7E00E916E5 /* sd2china2011 copy2-Info.plist */,
			);
			sourceTree = "<group>";
		};
		729FB02F147DE88300A0ECC9 /* Products */ = {
			isa = PBXGroup;
			children = (
				729FB02E147DE88300A0ECC9 /* sd2china2011.app */,
				72E6CA6314889C7D00E916E5 /* sd2china2011 copy.app */,
			);
			name = Products;
			sourceTree = "<group>";
		};
		729FB031147DE88300A0ECC9 /* Frameworks */ = {
			isa = PBXGroup;
			children = (
				72193171148368D4002BD313 /* Three20.xcodeproj */,
				721931A114836A5B002BD313 /* Three20Core.xcodeproj */,
				721931A214836A5B002BD313 /* Three20Network.xcodeproj */,
				721931A314836A5B002BD313 /* Three20Style.xcodeproj */,
				72288F61147E8A0F00108E60 /* MapKit.framework */,
				729FB032147DE88300A0ECC9 /* UIKit.framework */,
				729FB034147DE88300A0ECC9 /* Foundation.framework */,
				729FB036147DE88300A0ECC9 /* CoreGraphics.framework */,
			);
			name = Frameworks;
			sourceTree = "<group>";
		};
		729FB038147DE88300A0ECC9 /* sd2china2011 */ = {
			isa = PBXGroup;
			children = (
				72B886F11481B3E200165490 /* Classes */,
				72B886EB1481B0B500165490 /* Resources */,
				729FB039147DE88300A0ECC9 /* Supporting Files */,
				72288F63147E8F2800108E60 /* MyAnnotation.h */,
				72288F64147E8F2800108E60 /* MyAnnotation.m */,
			);
			path = sd2china2011;
			sourceTree = "<group>";
		};
		729FB039147DE88300A0ECC9 /* Supporting Files */ = {
			isa = PBXGroup;
			children = (
				729FB03A147DE88300A0ECC9 /* sd2china2011-Info.plist */,
				729FB03B147DE88300A0ECC9 /* InfoPlist.strings */,
				729FB03E147DE88300A0ECC9 /* main.m */,
				729FB040147DE88300A0ECC9 /* sd2china2011-Prefix.pch */,
				7219330714871C8C002BD313 /* config.plist */,
			);
			name = "Supporting Files";
			sourceTree = "<group>";
		};
		729FB063147DE90300A0ECC9 /* data */ = {
			isa = PBXGroup;
			children = (
				7219315614832F27002BD313 /* forum.json */,
				7219316514835543002BD313 /* schedule.json */,
				7219323D148378EC002BD313 /* lecturer.json */,
				7219314114831BC0002BD313 /* weibo.json */,
				729FB064147DE92A00A0ECC9 /* home.json */,
			);
			name = data;
			sourceTree = "<group>";
		};
		729FB066147E0CDB00A0ECC9 /* images */ = {
			isa = PBXGroup;
			children = (
				72E6C9A81487BF0400E916E5 /* Default.png */,
				7219314314831D97002BD313 /* sina_48x48.png */,
				72CDA3FD1482613600599789 /* eventspng.png */,
				729FB075147E0D4700A0ECC9 /* Icon@2x.png */,
				729FB073147E0D4400A0ECC9 /* home@2x.png */,
				729FB07C147E29D600A0ECC9 /* icon_calendar.png */,
				729FB07D147E29D600A0ECC9 /* icon_home.png */,
				729FB07E147E29D600A0ECC9 /* icon_information.png */,
				729FB07F147E29D600A0ECC9 /* icon_mail.png */,
				729FB080147E29D600A0ECC9 /* icon_bank.png */,
				729FB081147E29D600A0ECC9 /* icon_notepad.png */,
				729FB082147E29D600A0ECC9 /* icon_star.png */,
				729FB083147E29D600A0ECC9 /* icon_chat.png */,
				7219316714835A11002BD313 /* icon_users.png */,
				729FB071147E0D3600A0ECC9 /* home.png */,
				729FB06F147E0D2A00A0ECC9 /* Icon.png */,
			);
			name = images;
			sourceTree = "<group>";
		};
		72B886EB1481B0B500165490 /* Resources */ = {
			isa = PBXGroup;
			children = (
				721931EE14836C3C002BD313 /* Three20.bundle */,
				7219323A1483747F002BD313 /* LectorDetailViewController.xib */,
				7219314714831F5B002BD313 /* BrowserViewController.xib */,
				729FB066147E0CDB00A0ECC9 /* images */,
				729FB063147DE90300A0ECC9 /* data */,
				729FB079147E26C700A0ECC9 /* HomeViewController.xib */,
				72B886EE1481B3CB00165490 /* WeiboViewController.xib */,
				72B886F41481BE1400165490 /* ScheduleViewController.xib */,
				72B886E414811C1F00165490 /* PlaceViewController.xib */,
				72CDA3F21481C3FC00599789 /* MoreViewController.xib */,
				7219316314833A58002BD313 /* ScheduleCell.xib */,
			);
			name = Resources;
			sourceTree = "<group>";
		};
		72B886F11481B3E200165490 /* Classes */ = {
			isa = PBXGroup;
			children = (
				72288F06147E31FE00108E60 /* SBJson */,
				72288F31147E335700108E60 /* Model */,
				7219324314837EA9002BD313 /* GTMBase64 */,
				72D48010148C678A0018FCDC /* Reachability.m */,
				72D4800F148C678A0018FCDC /* Reachability.h */,
				7219316E14835DFD002BD313 /* JsonDataSource.h */,
				7219316F14835DFE002BD313 /* JsonDataSource.m */,
				72B886E214811C1F00165490 /* PlaceViewController.h */,
				72B886E314811C1F00165490 /* PlaceViewController.m */,
				729FB041147DE88300A0ECC9 /* AppDelegate.h */,
				729FB042147DE88300A0ECC9 /* AppDelegate.m */,
				729FB077147E26C700A0ECC9 /* HomeViewController.h */,
				729FB078147E26C700A0ECC9 /* HomeViewController.m */,
				72B886EC1481B3CB00165490 /* WeiboViewController.h */,
				72B886ED1481B3CB00165490 /* WeiboViewController.m */,
				72B886F21481BE1400165490 /* ScheduleViewController.h */,
				72B886F31481BE1400165490 /* ScheduleViewController.m */,
				72CDA3F01481C3FC00599789 /* MoreViewController.h */,
				72CDA3F11481C3FC00599789 /* MoreViewController.m */,
				7219314514831F5B002BD313 /* BrowserViewController.h */,
				7219314614831F5B002BD313 /* BrowserViewController.m */,
				7219315C148333B9002BD313 /* ScheduleCell.h */,
				7219315D148333B9002BD313 /* ScheduleCell.m */,
				7219316914835A49002BD313 /* LectorViewController.h */,
				7219316A14835A49002BD313 /* LectorViewController.m */,
				7219316B14835A49002BD313 /* LectorViewController.xib */,
				721932381483747F002BD313 /* LectorDetailViewController.h */,
				721932391483747F002BD313 /* LectorDetailViewController.m */,
			);
			name = Classes;
			sourceTree = "<group>";
		};
		72D9E64A14872C5C008B0E9A /* Products */ = {
			isa = PBXGroup;
			children = (
				72D9E64F14872C5C008B0E9A /* libThree20.a */,
				72D9E65114872C5C008B0E9A /* Three20UnitTests.octest */,
			);
			name = Products;
			sourceTree = "<group>";
		};
		72D9E65314872C5C008B0E9A /* Products */ = {
			isa = PBXGroup;
			children = (
				72D9E65814872C5C008B0E9A /* libThree20Core.a */,
				72D9E65A14872C5C008B0E9A /* CoreUnitTests.octest */,
			);
			name = Products;
			sourceTree = "<group>";
		};
		72D9E65B14872C5F008B0E9A /* Products */ = {
			isa = PBXGroup;
			children = (
				72D9E66014872C5F008B0E9A /* libThree20Style.a */,
				72D9E66214872C5F008B0E9A /* StyleUnitTests.octest */,
			);
			name = Products;
			sourceTree = "<group>";
		};
		72D9E66314872C60008B0E9A /* Products */ = {
			isa = PBXGroup;
			children = (
				72D9E66814872C60008B0E9A /* libThree20Network.a */,
				72D9E66A14872C60008B0E9A /* NetworkUnitTests.octest */,
			);
			name = Products;
			sourceTree = "<group>";
		};
/* End PBXGroup section */

/* Begin PBXNativeTarget section */
		729FB02D147DE88300A0ECC9 /* sd2china2011 */ = {
			isa = PBXNativeTarget;
			buildConfigurationList = 729FB05A147DE88300A0ECC9 /* Build configuration list for PBXNativeTarget "sd2china2011" */;
			buildPhases = (
				729FB02A147DE88300A0ECC9 /* Sources */,
				729FB02B147DE88300A0ECC9 /* Frameworks */,
				729FB02C147DE88300A0ECC9 /* Resources */,
				7205962A14805E7200AE001A /* ShellScript */,
			);
			buildRules = (
			);
			dependencies = (
			);
			name = sd2china2011;
			productName = sd2china2011;
			productReference = 729FB02E147DE88300A0ECC9 /* sd2china2011.app */;
			productType = "com.apple.product-type.application";
		};
		72E6CA1E14889C7D00E916E5 /* sd2china2011 copy */ = {
			isa = PBXNativeTarget;
			buildConfigurationList = 72E6CA6014889C7D00E916E5 /* Build configuration list for PBXNativeTarget "sd2china2011 copy" */;
			buildPhases = (
				72E6CA1F14889C7D00E916E5 /* Sources */,
				72E6CA3B14889C7D00E916E5 /* Frameworks */,
				72E6CA4014889C7D00E916E5 /* Resources */,
				72E6CA5F14889C7D00E916E5 /* ShellScript */,
			);
			buildRules = (
			);
			dependencies = (
			);
			name = "sd2china2011 copy";
			productName = sd2china2011;
			productReference = 72E6CA6314889C7D00E916E5 /* sd2china2011 copy.app */;
			productType = "com.apple.product-type.application";
		};
/* End PBXNativeTarget section */

/* Begin PBXProject section */
		729FB025147DE88300A0ECC9 /* Project object */ = {
			isa = PBXProject;
			attributes = {
				LastUpgradeCheck = 0420;
			};
			buildConfigurationList = 729FB028147DE88300A0ECC9 /* Build configuration list for PBXProject "sd2china2011" */;
			compatibilityVersion = "Xcode 3.2";
			developmentRegion = English;
			hasScannedForEncodings = 0;
			knownRegions = (
				en,
			);
			mainGroup = 729FB023147DE88300A0ECC9;
			productRefGroup = 729FB02F147DE88300A0ECC9 /* Products */;
			projectDirPath = "";
			projectReferences = (
				{
					ProductGroup = 72D9E64A14872C5C008B0E9A /* Products */;
					ProjectRef = 72193171148368D4002BD313 /* Three20.xcodeproj */;
				},
				{
					ProductGroup = 72D9E65314872C5C008B0E9A /* Products */;
					ProjectRef = 721931A114836A5B002BD313 /* Three20Core.xcodeproj */;
				},
				{
					ProductGroup = 72D9E66314872C60008B0E9A /* Products */;
					ProjectRef = 721931A214836A5B002BD313 /* Three20Network.xcodeproj */;
				},
				{
					ProductGroup = 72D9E65B14872C5F008B0E9A /* Products */;
					ProjectRef = 721931A314836A5B002BD313 /* Three20Style.xcodeproj */;
				},
			);
			projectRoot = "";
			targets = (
				729FB02D147DE88300A0ECC9 /* sd2china2011 */,
				72E6CA1E14889C7D00E916E5 /* sd2china2011 copy */,
			);
		};
/* End PBXProject section */

/* Begin PBXReferenceProxy section */
		72D9E64F14872C5C008B0E9A /* libThree20.a */ = {
			isa = PBXReferenceProxy;
			fileType = archive.ar;
			path = libThree20.a;
			remoteRef = 72D9E64E14872C5C008B0E9A /* PBXContainerItemProxy */;
			sourceTree = BUILT_PRODUCTS_DIR;
		};
		72D9E65114872C5C008B0E9A /* Three20UnitTests.octest */ = {
			isa = PBXReferenceProxy;
			fileType = wrapper.cfbundle;
			path = Three20UnitTests.octest;
			remoteRef = 72D9E65014872C5C008B0E9A /* PBXContainerItemProxy */;
			sourceTree = BUILT_PRODUCTS_DIR;
		};
		72D9E65814872C5C008B0E9A /* libThree20Core.a */ = {
			isa = PBXReferenceProxy;
			fileType = archive.ar;
			path = libThree20Core.a;
			remoteRef = 72D9E65714872C5C008B0E9A /* PBXContainerItemProxy */;
			sourceTree = BUILT_PRODUCTS_DIR;
		};
		72D9E65A14872C5C008B0E9A /* CoreUnitTests.octest */ = {
			isa = PBXReferenceProxy;
			fileType = wrapper.cfbundle;
			path = CoreUnitTests.octest;
			remoteRef = 72D9E65914872C5C008B0E9A /* PBXContainerItemProxy */;
			sourceTree = BUILT_PRODUCTS_DIR;
		};
		72D9E66014872C5F008B0E9A /* libThree20Style.a */ = {
			isa = PBXReferenceProxy;
			fileType = archive.ar;
			path = libThree20Style.a;
			remoteRef = 72D9E65F14872C5F008B0E9A /* PBXContainerItemProxy */;
			sourceTree = BUILT_PRODUCTS_DIR;
		};
		72D9E66214872C5F008B0E9A /* StyleUnitTests.octest */ = {
			isa = PBXReferenceProxy;
			fileType = wrapper.cfbundle;
			path = StyleUnitTests.octest;
			remoteRef = 72D9E66114872C5F008B0E9A /* PBXContainerItemProxy */;
			sourceTree = BUILT_PRODUCTS_DIR;
		};
		72D9E66814872C60008B0E9A /* libThree20Network.a */ = {
			isa = PBXReferenceProxy;
			fileType = archive.ar;
			path = libThree20Network.a;
			remoteRef = 72D9E66714872C60008B0E9A /* PBXContainerItemProxy */;
			sourceTree = BUILT_PRODUCTS_DIR;
		};
		72D9E66A14872C60008B0E9A /* NetworkUnitTests.octest */ = {
			isa = PBXReferenceProxy;
			fileType = wrapper.cfbundle;
			path = NetworkUnitTests.octest;
			remoteRef = 72D9E66914872C60008B0E9A /* PBXContainerItemProxy */;
			sourceTree = BUILT_PRODUCTS_DIR;
		};
/* End PBXReferenceProxy section */

/* Begin PBXResourcesBuildPhase section */
		729FB02C147DE88300A0ECC9 /* Resources */ = {
			isa = PBXResourcesBuildPhase;
			buildActionMask = 2147483647;
			files = (
				729FB03D147DE88300A0ECC9 /* InfoPlist.strings in Resources */,
				729FB065147DE92A00A0ECC9 /* home.json in Resources */,
				729FB070147E0D2A00A0ECC9 /* Icon.png in Resources */,
				729FB076147E0D4700A0ECC9 /* Icon@2x.png in Resources */,
				729FB07B147E26C700A0ECC9 /* HomeViewController.xib in Resources */,
				729FB084147E29D600A0ECC9 /* icon_calendar.png in Resources */,
				729FB085147E29D600A0ECC9 /* icon_home.png in Resources */,
				729FB086147E29D600A0ECC9 /* icon_information.png in Resources */,
				729FB087147E29D600A0ECC9 /* icon_mail.png in Resources */,
				729FB088147E29D600A0ECC9 /* icon_bank.png in Resources */,
				729FB089147E29D600A0ECC9 /* icon_notepad.png in Resources */,
				729FB08A147E29D600A0ECC9 /* icon_star.png in Resources */,
				729FB08B147E29D600A0ECC9 /* icon_chat.png in Resources */,
				72B886E614811C1F00165490 /* PlaceViewController.xib in Resources */,
				72B886F01481B3CB00165490 /* WeiboViewController.xib in Resources */,
				72B886F61481BE1500165490 /* ScheduleViewController.xib in Resources */,
				72CDA3F41481C3FC00599789 /* MoreViewController.xib in Resources */,
				72CDA3FE1482613600599789 /* eventspng.png in Resources */,
				7219314214831BC0002BD313 /* weibo.json in Resources */,
				7219314414831D97002BD313 /* sina_48x48.png in Resources */,
				7219314914831F5B002BD313 /* BrowserViewController.xib in Resources */,
				7219315914832F27002BD313 /* forum.json in Resources */,
				7219316414833A58002BD313 /* ScheduleCell.xib in Resources */,
				7219316614835543002BD313 /* schedule.json in Resources */,
				7219316814835A11002BD313 /* icon_users.png in Resources */,
				7219316D14835A4A002BD313 /* LectorViewController.xib in Resources */,
				7219323C1483747F002BD313 /* LectorDetailViewController.xib in Resources */,
				7219323E148378EC002BD313 /* lecturer.json in Resources */,
				7219330814871C8C002BD313 /* config.plist in Resources */,
				72E6C9A91487BF0400E916E5 /* Default.png in Resources */,
				72A6FA58148DC6F800D03A36 /* Location.gpx in Resources */,
			);
			runOnlyForDeploymentPostprocessing = 0;
		};
		72E6CA4014889C7D00E916E5 /* Resources */ = {
			isa = PBXResourcesBuildPhase;
			buildActionMask = 2147483647;
			files = (
				72E6CA4114889C7D00E916E5 /* InfoPlist.strings in Resources */,
				72E6CA4214889C7D00E916E5 /* home.json in Resources */,
				72E6CA4314889C7D00E916E5 /* Icon.png in Resources */,
				72E6CA4414889C7D00E916E5 /* Icon@2x.png in Resources */,
				72E6CA4514889C7D00E916E5 /* HomeViewController.xib in Resources */,
				72E6CA4614889C7D00E916E5 /* icon_calendar.png in Resources */,
				72E6CA4714889C7D00E916E5 /* icon_home.png in Resources */,
				72E6CA4814889C7D00E916E5 /* icon_information.png in Resources */,
				72E6CA4914889C7D00E916E5 /* icon_mail.png in Resources */,
				72E6CA4A14889C7D00E916E5 /* icon_bank.png in Resources */,
				72E6CA4B14889C7D00E916E5 /* icon_notepad.png in Resources */,
				72E6CA4C14889C7D00E916E5 /* icon_star.png in Resources */,
				72E6CA4D14889C7D00E916E5 /* icon_chat.png in Resources */,
				72E6CA4E14889C7D00E916E5 /* PlaceViewController.xib in Resources */,
				72E6CA4F14889C7D00E916E5 /* WeiboViewController.xib in Resources */,
				72E6CA5014889C7D00E916E5 /* ScheduleViewController.xib in Resources */,
				72E6CA5114889C7D00E916E5 /* MoreViewController.xib in Resources */,
				72E6CA5214889C7D00E916E5 /* eventspng.png in Resources */,
				72E6CA5314889C7D00E916E5 /* weibo.json in Resources */,
				72E6CA5414889C7D00E916E5 /* sina_48x48.png in Resources */,
				72E6CA5514889C7D00E916E5 /* BrowserViewController.xib in Resources */,
				72E6CA5614889C7D00E916E5 /* forum.json in Resources */,
				72E6CA5714889C7D00E916E5 /* ScheduleCell.xib in Resources */,
				72E6CA5814889C7D00E916E5 /* schedule.json in Resources */,
				72E6CA5914889C7D00E916E5 /* icon_users.png in Resources */,
				72E6CA5A14889C7D00E916E5 /* LectorViewController.xib in Resources */,
				72E6CA5B14889C7D00E916E5 /* LectorDetailViewController.xib in Resources */,
				72E6CA5C14889C7D00E916E5 /* lecturer.json in Resources */,
				72E6CA5D14889C7D00E916E5 /* config.plist in Resources */,
				72E6CA5E14889C7D00E916E5 /* Default.png in Resources */,
			);
			runOnlyForDeploymentPostprocessing = 0;
		};
/* End PBXResourcesBuildPhase section */

/* Begin PBXShellScriptBuildPhase section */
		7205962A14805E7200AE001A /* ShellScript */ = {
			isa = PBXShellScriptBuildPhase;
			buildActionMask = 2147483647;
			files = (
			);
			inputPaths = (
			);
			outputPaths = (
			);
			runOnlyForDeploymentPostprocessing = 0;
			shellPath = /bin/sh;
			shellScript = "export CODESIGN_ALLOCATE=/Developer/Platforms/iPhoneOS.platform/Developer/usr/bin/codesign_allocate\nif [ \"${PLATFORM_NAME}\" == \"iphoneos\" ]; then\n/Developer/xcode-crack/gen_entitlements.py \"net.csdn.${PROJECT_NAME}\" \"${BUILT_PRODUCTS_DIR}/${WRAPPER_NAME}/${PROJECT_NAME}.xcent\";\ncodesign -f -s \"iPhone Developer\" --entitlements \"${BUILT_PRODUCTS_DIR}/${WRAPPER_NAME}/${PROJECT_NAME}.xcent\" \"${BUILT_PRODUCTS_DIR}/${WRAPPER_NAME}/\"\nfi";
		};
		72E6CA5F14889C7D00E916E5 /* ShellScript */ = {
			isa = PBXShellScriptBuildPhase;
			buildActionMask = 2147483647;
			files = (
			);
			inputPaths = (
			);
			outputPaths = (
			);
			runOnlyForDeploymentPostprocessing = 0;
			shellPath = /bin/sh;
			shellScript = "export CODESIGN_ALLOCATE=/Developer/Platforms/iPhoneOS.platform/Developer/usr/bin/codesign_allocate\nif [ \"${PLATFORM_NAME}\" == \"iphoneos\" ]; then\n/Developer/xcode-crack/gen_entitlements.py \"net.csdn.${PROJECT_NAME}\" \"${BUILT_PRODUCTS_DIR}/${WRAPPER_NAME}/${PROJECT_NAME}.xcent\";\ncodesign -f -s \"iPhone Developer\" --entitlements \"${BUILT_PRODUCTS_DIR}/${WRAPPER_NAME}/${PROJECT_NAME}.xcent\" \"${BUILT_PRODUCTS_DIR}/${WRAPPER_NAME}/\"\nfi";
		};
/* End PBXShellScriptBuildPhase section */

/* Begin PBXSourcesBuildPhase section */
		729FB02A147DE88300A0ECC9 /* Sources */ = {
			isa = PBXSourcesBuildPhase;
			buildActionMask = 2147483647;
			files = (
				729FB03F147DE88300A0ECC9 /* main.m in Sources */,
				729FB043147DE88300A0ECC9 /* AppDelegate.m in Sources */,
				729FB07A147E26C700A0ECC9 /* HomeViewController.m in Sources */,
				72288F30147E327A00108E60 /* HomeData.m in Sources */,
				72288F4B147E40F100108E60 /* NSObject+SBJson.m in Sources */,
				72288F4C147E40F100108E60 /* SBJsonParser.m in Sources */,
				72288F4D147E40F100108E60 /* SBJsonStreamParser.m in Sources */,
				72288F4E147E40F100108E60 /* SBJsonStreamParserAccumulator.m in Sources */,
				72288F4F147E40F100108E60 /* SBJsonStreamParserAdapter.m in Sources */,
				72288F50147E40F100108E60 /* SBJsonStreamParserState.m in Sources */,
				72288F51147E40F100108E60 /* SBJsonStreamWriter.m in Sources */,
				72288F52147E40F100108E60 /* SBJsonStreamWriterAccumulator.m in Sources */,
				72288F53147E40F100108E60 /* SBJsonStreamWriterState.m in Sources */,
				72288F54147E40F100108E60 /* SBJsonTokeniser.m in Sources */,
				72288F55147E40F100108E60 /* SBJsonUTF8Stream.m in Sources */,
				72288F56147E40F100108E60 /* SBJsonWriter.m in Sources */,
				72288F65147E8F2800108E60 /* MyAnnotation.m in Sources */,
				72B886E514811C1F00165490 /* PlaceViewController.m in Sources */,
				72B886EF1481B3CB00165490 /* WeiboViewController.m in Sources */,
				72B886F51481BE1500165490 /* ScheduleViewController.m in Sources */,
				72CDA3F31481C3FC00599789 /* MoreViewController.m in Sources */,
				7219314814831F5B002BD313 /* BrowserViewController.m in Sources */,
				7219315F148333B9002BD313 /* ScheduleCell.m in Sources */,
				7219316C14835A4A002BD313 /* LectorViewController.m in Sources */,
				7219317014835DFE002BD313 /* JsonDataSource.m in Sources */,
				7219323B1483747F002BD313 /* LectorDetailViewController.m in Sources */,
				7219324714838025002BD313 /* GTMBase64.m in Sources */,
				72D48011148C678A0018FCDC /* Reachability.m in Sources */,
			);
			runOnlyForDeploymentPostprocessing = 0;
		};
		72E6CA1F14889C7D00E916E5 /* Sources */ = {
			isa = PBXSourcesBuildPhase;
			buildActionMask = 2147483647;
			files = (
				72E6CA2014889C7D00E916E5 /* main.m in Sources */,
				72E6CA2114889C7D00E916E5 /* AppDelegate.m in Sources */,
				72E6CA2214889C7D00E916E5 /* HomeViewController.m in Sources */,
				72E6CA2314889C7D00E916E5 /* HomeData.m in Sources */,
				72E6CA2414889C7D00E916E5 /* NSObject+SBJson.m in Sources */,
				72E6CA2514889C7D00E916E5 /* SBJsonParser.m in Sources */,
				72E6CA2614889C7D00E916E5 /* SBJsonStreamParser.m in Sources */,
				72E6CA2714889C7D00E916E5 /* SBJsonStreamParserAccumulator.m in Sources */,
				72E6CA2814889C7D00E916E5 /* SBJsonStreamParserAdapter.m in Sources */,
				72E6CA2914889C7D00E916E5 /* SBJsonStreamParserState.m in Sources */,
				72E6CA2A14889C7D00E916E5 /* SBJsonStreamWriter.m in Sources */,
				72E6CA2B14889C7D00E916E5 /* SBJsonStreamWriterAccumulator.m in Sources */,
				72E6CA2C14889C7D00E916E5 /* SBJsonStreamWriterState.m in Sources */,
				72E6CA2D14889C7D00E916E5 /* SBJsonTokeniser.m in Sources */,
				72E6CA2E14889C7D00E916E5 /* SBJsonUTF8Stream.m in Sources */,
				72E6CA2F14889C7D00E916E5 /* SBJsonWriter.m in Sources */,
				72E6CA3014889C7D00E916E5 /* MyAnnotation.m in Sources */,
				72E6CA3114889C7D00E916E5 /* PlaceViewController.m in Sources */,
				72E6CA3214889C7D00E916E5 /* WeiboViewController.m in Sources */,
				72E6CA3314889C7D00E916E5 /* ScheduleViewController.m in Sources */,
				72E6CA3414889C7D00E916E5 /* MoreViewController.m in Sources */,
				72E6CA3514889C7D00E916E5 /* BrowserViewController.m in Sources */,
				72E6CA3614889C7D00E916E5 /* ScheduleCell.m in Sources */,
				72E6CA3714889C7D00E916E5 /* LectorViewController.m in Sources */,
				72E6CA3814889C7D00E916E5 /* JsonDataSource.m in Sources */,
				72E6CA3914889C7D00E916E5 /* LectorDetailViewController.m in Sources */,
				72E6CA3A14889C7D00E916E5 /* GTMBase64.m in Sources */,
			);
			runOnlyForDeploymentPostprocessing = 0;
		};
/* End PBXSourcesBuildPhase section */

/* Begin PBXVariantGroup section */
		729FB03B147DE88300A0ECC9 /* InfoPlist.strings */ = {
			isa = PBXVariantGroup;
			children = (
				729FB03C147DE88300A0ECC9 /* en */,
			);
			name = InfoPlist.strings;
			sourceTree = "<group>";
		};
/* End PBXVariantGroup section */

/* Begin XCBuildConfiguration section */
		729FB058147DE88300A0ECC9 /* Debug */ = {
			isa = XCBuildConfiguration;
			buildSettings = {
				ALWAYS_SEARCH_USER_PATHS = NO;
				ARCHS = "$(ARCHS_STANDARD_32_BIT)";
				CLANG_ENABLE_OBJC_ARC = YES;
				"CODE_SIGN_IDENTITY[sdk=iphoneos*]" = "";
				COPY_PHASE_STRIP = NO;
				GCC_C_LANGUAGE_STANDARD = gnu99;
				GCC_DYNAMIC_NO_PIC = NO;
				GCC_OPTIMIZATION_LEVEL = 0;
				GCC_PREPROCESSOR_DEFINITIONS = (
					"DEBUG=1",
					"$(inherited)",
				);
				GCC_SYMBOLS_PRIVATE_EXTERN = NO;
				GCC_VERSION = com.apple.compilers.llvm.clang.1_0;
				GCC_WARN_ABOUT_MISSING_PROTOTYPES = YES;
				GCC_WARN_ABOUT_RETURN_TYPE = YES;
				GCC_WARN_UNUSED_VARIABLE = YES;
				HEADER_SEARCH_PATHS = (
					"$(BUILT_PRODUCTS_DIR)/../three20",
					"$(BUILT_PRODUCTS_DIR)/../../three20",
					../../../github/three20/Build/Products/three20,
				);
				IPHONEOS_DEPLOYMENT_TARGET = 3.2;
				OTHER_LDFLAGS = "-ObjC";
				SDKROOT = iphoneos;
			};
			name = Debug;
		};
		729FB059147DE88300A0ECC9 /* Release */ = {
			isa = XCBuildConfiguration;
			buildSettings = {
				ALWAYS_SEARCH_USER_PATHS = NO;
				ARCHS = "$(ARCHS_STANDARD_32_BIT)";
				CLANG_ENABLE_OBJC_ARC = YES;
				"CODE_SIGN_IDENTITY[sdk=iphoneos*]" = "";
				COPY_PHASE_STRIP = YES;
				GCC_C_LANGUAGE_STANDARD = gnu99;
				GCC_VERSION = com.apple.compilers.llvm.clang.1_0;
				GCC_WARN_ABOUT_MISSING_PROTOTYPES = YES;
				GCC_WARN_ABOUT_RETURN_TYPE = YES;
				GCC_WARN_UNUSED_VARIABLE = YES;
				HEADER_SEARCH_PATHS = (
					"$(BUILT_PRODUCTS_DIR)/../three20",
					"$(BUILT_PRODUCTS_DIR)/../../three20",
					../../../github/three20/Build/Products/three20,
				);
				IPHONEOS_DEPLOYMENT_TARGET = 3.2;
				OTHER_CFLAGS = "-DNS_BLOCK_ASSERTIONS=1";
				OTHER_LDFLAGS = "-ObjC";
				SDKROOT = iphoneos;
				VALIDATE_PRODUCT = YES;
			};
			name = Release;
		};
		729FB05B147DE88300A0ECC9 /* Debug */ = {
			isa = XCBuildConfiguration;
			buildSettings = {
				CLANG_ENABLE_OBJC_ARC = YES;
				GCC_PRECOMPILE_PREFIX_HEADER = YES;
				GCC_PREFIX_HEADER = "sd2china2011/sd2china2011-Prefix.pch";
				INFOPLIST_FILE = "sd2china2011/sd2china2011-Info.plist";
				IPHONEOS_DEPLOYMENT_TARGET = 4.3;
				New_Setting = "";
				PRODUCT_NAME = "$(TARGET_NAME)";
				TARGETED_DEVICE_FAMILY = 1;
				WRAPPER_EXTENSION = app;
			};
			name = Debug;
		};
		729FB05C147DE88300A0ECC9 /* Release */ = {
			isa = XCBuildConfiguration;
			buildSettings = {
				CLANG_ENABLE_OBJC_ARC = YES;
				GCC_PRECOMPILE_PREFIX_HEADER = YES;
				GCC_PREFIX_HEADER = "sd2china2011/sd2china2011-Prefix.pch";
				INFOPLIST_FILE = "sd2china2011/sd2china2011-Info.plist";
				IPHONEOS_DEPLOYMENT_TARGET = 4.3;
				New_Setting = "";
				PRODUCT_NAME = "$(TARGET_NAME)";
				TARGETED_DEVICE_FAMILY = 1;
				WRAPPER_EXTENSION = app;
			};
			name = Release;
		};
		72E6CA6114889C7D00E916E5 /* Debug */ = {
			isa = XCBuildConfiguration;
			buildSettings = {
				CLANG_ENABLE_OBJC_ARC = YES;
				GCC_PRECOMPILE_PREFIX_HEADER = YES;
				GCC_PREFIX_HEADER = "sd2china2011/sd2china2011-Prefix.pch";
				INFOPLIST_FILE = "sd2china2011 copy2-Info.plist";
				IPHONEOS_DEPLOYMENT_TARGET = 4.3;
				PRODUCT_NAME = "sd2china2011 copy";
				TARGETED_DEVICE_FAMILY = 2;
				WRAPPER_EXTENSION = app;
			};
			name = Debug;
		};
		72E6CA6214889C7D00E916E5 /* Release */ = {
			isa = XCBuildConfiguration;
			buildSettings = {
				CLANG_ENABLE_OBJC_ARC = YES;
				GCC_PRECOMPILE_PREFIX_HEADER = YES;
				GCC_PREFIX_HEADER = "sd2china2011/sd2china2011-Prefix.pch";
				INFOPLIST_FILE = "sd2china2011 copy2-Info.plist";
				IPHONEOS_DEPLOYMENT_TARGET = 4.3;
				PRODUCT_NAME = "sd2china2011 copy";
				TARGETED_DEVICE_FAMILY = 2;
				WRAPPER_EXTENSION = app;
			};
			name = Release;
		};
/* End XCBuildConfiguration section */

/* Begin XCConfigurationList section */
		729FB028147DE88300A0ECC9 /* Build configuration list for PBXProject "sd2china2011" */ = {
			isa = XCConfigurationList;
			buildConfigurations = (
				729FB058147DE88300A0ECC9 /* Debug */,
				729FB059147DE88300A0ECC9 /* Release */,
			);
			defaultConfigurationIsVisible = 0;
			defaultConfigurationName = Release;
		};
		729FB05A147DE88300A0ECC9 /* Build configuration list for PBXNativeTarget "sd2china2011" */ = {
			isa = XCConfigurationList;
			buildConfigurations = (
				729FB05B147DE88300A0ECC9 /* Debug */,
				729FB05C147DE88300A0ECC9 /* Release */,
			);
			defaultConfigurationIsVisible = 0;
			defaultConfigurationName = Release;
		};
		72E6CA6014889C7D00E916E5 /* Build configuration list for PBXNativeTarget "sd2china2011 copy" */ = {
			isa = XCConfigurationList;
			buildConfigurations = (
				72E6CA6114889C7D00E916E5 /* Debug */,
				72E6CA6214889C7D00E916E5 /* Release */,
			);
			defaultConfigurationIsVisible = 0;
			defaultConfigurationName = Release;
		};
/* End XCConfigurationList section */
	};
	rootObject = 729FB025147DE88300A0ECC9 /* Project object */;
}
